
Microsoft Visual Studio Solution File, Format Version 12.00
# Visual Studio Version 17
Project("{8BC9CEB8-8B4A-11D0-8D11-00A0C91BC942}") = "2D", "2D\2D.vcxproj", "{FB705900-E7FC-870B-50AB-880B3C56880B}"
EndProject
Project("{8BC9CEB8-8B4A-11D0-8D11-00A0C91BC942}") = "PathTracer", "PathTracer\PathTracer.vcxproj", "{F350D6BB-DF08-1809-4810-F16434E7B2F9}"
EndProject
Project("{8BC9CEB8-8B4A-11D0-8D11-00A0C91BC942}") = "Vulture", "Vulture\Vulture.vcxproj", "{FC8A9FF8-686A-1E94-7182-A96ADDE084F5}"
EndProject
Project("{8BC9CEB8-8B4A-11D0-8D11-00A0C91BC942}") = "assimp", "Vulture\lib\assimp\assimp.vcxproj", "{724885F2-5EEA-AFC8-47A5-C31C33E63619}"
EndProject
Project("{8BC9CEB8-8B4A-11D0-8D11-00A0C91BC942}") = "glfw", "Vulture\lib\glfw\build\glfw.vcxproj", "{9563977C-819A-980D-2A87-7E10169D140F}"
EndProject
Project("{8BC9CEB8-8B4A-11D0-8D11-00A0C91BC942}") = "imgui", "Vulture\lib\imgui\build\imgui.vcxproj", "{0098A80F-6CAC-D0C0-352E-7420A101CDF1}"
EndProject
Project("{8BC9CEB8-8B4A-11D0-8D11-00A0C91BC942}") = "msdf-atlas-gen", "Vulture\lib\msdf-atlas-gen\msdf-atlas-gen.vcxproj", "{38BD587B-248B-4C81-0D1F-BDA7F98B28E6}"
	ProjectSection(ProjectDependencies) = postProject
		{8900D8DD-F5DF-5679-FEF7-E14F6A56BDDA} = {8900D8DD-F5DF-5679-FEF7-E14F6A56BDDA}
	EndProjectSection
EndProject
Project("{8BC9CEB8-8B4A-11D0-8D11-00A0C91BC942}") = "msdfgen", "Vulture\lib\msdf-atlas-gen\msdfgen\msdfgen.vcxproj", "{8900D8DD-F5DF-5679-FEF7-E14F6A56BDDA}"
EndProject
Project("{8BC9CEB8-8B4A-11D0-8D11-00A0C91BC942}") = "msdfgenfreetype", "Vulture\lib\msdf-atlas-gen\msdfgen\freetype\msdfgenfreetype.vcxproj", "{0DB918E9-7944-86AD-8255-09A2EE5FE2AD}"
EndProject
Project("{8BC9CEB8-8B4A-11D0-8D11-00A0C91BC942}") = "spdlog", "Vulture\lib\spdlog\build\spdlog.vcxproj", "{8EAD431C-7A4F-6EF2-630A-82464F4BF542}"
EndProject
Global
	GlobalSection(SolutionConfigurationPlatforms) = preSolution
		Debug|Linux = Debug|Linux
		Debug|Windows = Debug|Windows
		Dist|Linux = Dist|Linux
		Dist|Windows = Dist|Windows
		Release|Linux = Release|Linux
		Release|Windows = Release|Windows
	EndGlobalSection
	GlobalSection(ProjectConfigurationPlatforms) = postSolution
		{FB705900-E7FC-870B-50AB-880B3C56880B}.Debug|Linux.ActiveCfg = Debug Linux|x64
		{FB705900-E7FC-870B-50AB-880B3C56880B}.Debug|Linux.Build.0 = Debug Linux|x64
		{FB705900-E7FC-870B-50AB-880B3C56880B}.Debug|Windows.ActiveCfg = Debug Windows|x64
		{FB705900-E7FC-870B-50AB-880B3C56880B}.Debug|Windows.Build.0 = Debug Windows|x64
		{FB705900-E7FC-870B-50AB-880B3C56880B}.Dist|Linux.ActiveCfg = Dist Linux|x64
		{FB705900-E7FC-870B-50AB-880B3C56880B}.Dist|Linux.Build.0 = Dist Linux|x64
		{FB705900-E7FC-870B-50AB-880B3C56880B}.Dist|Windows.ActiveCfg = Dist Windows|x64
		{FB705900-E7FC-870B-50AB-880B3C56880B}.Dist|Windows.Build.0 = Dist Windows|x64
		{FB705900-E7FC-870B-50AB-880B3C56880B}.Release|Linux.ActiveCfg = Release Linux|x64
		{FB705900-E7FC-870B-50AB-880B3C56880B}.Release|Linux.Build.0 = Release Linux|x64
		{FB705900-E7FC-870B-50AB-880B3C56880B}.Release|Windows.ActiveCfg = Release Windows|x64
		{FB705900-E7FC-870B-50AB-880B3C56880B}.Release|Windows.Build.0 = Release Windows|x64
		{F350D6BB-DF08-1809-4810-F16434E7B2F9}.Debug|Linux.ActiveCfg = Debug Linux|x64
		{F350D6BB-DF08-1809-4810-F16434E7B2F9}.Debug|Linux.Build.0 = Debug Linux|x64
		{F350D6BB-DF08-1809-4810-F16434E7B2F9}.Debug|Windows.ActiveCfg = Debug Windows|x64
		{F350D6BB-DF08-1809-4810-F16434E7B2F9}.Debug|Windows.Build.0 = Debug Windows|x64
		{F350D6BB-DF08-1809-4810-F16434E7B2F9}.Dist|Linux.ActiveCfg = Dist Linux|x64
		{F350D6BB-DF08-1809-4810-F16434E7B2F9}.Dist|Linux.Build.0 = Dist Linux|x64
		{F350D6BB-DF08-1809-4810-F16434E7B2F9}.Dist|Windows.ActiveCfg = Dist Windows|x64
		{F350D6BB-DF08-1809-4810-F16434E7B2F9}.Dist|Windows.Build.0 = Dist Windows|x64
		{F350D6BB-DF08-1809-4810-F16434E7B2F9}.Release|Linux.ActiveCfg = Release Linux|x64
		{F350D6BB-DF08-1809-4810-F16434E7B2F9}.Release|Linux.Build.0 = Release Linux|x64
		{F350D6BB-DF08-1809-4810-F16434E7B2F9}.Release|Windows.ActiveCfg = Release Windows|x64
		{F350D6BB-DF08-1809-4810-F16434E7B2F9}.Release|Windows.Build.0 = Release Windows|x64
		{FC8A9FF8-686A-1E94-7182-A96ADDE084F5}.Debug|Linux.ActiveCfg = Debug Linux|x64
		{FC8A9FF8-686A-1E94-7182-A96ADDE084F5}.Debug|Linux.Build.0 = Debug Linux|x64
		{FC8A9FF8-686A-1E94-7182-A96ADDE084F5}.Debug|Windows.ActiveCfg = Debug Windows|x64
		{FC8A9FF8-686A-1E94-7182-A96ADDE084F5}.Debug|Windows.Build.0 = Debug Windows|x64
		{FC8A9FF8-686A-1E94-7182-A96ADDE084F5}.Dist|Linux.ActiveCfg = Dist Linux|x64
		{FC8A9FF8-686A-1E94-7182-A96ADDE084F5}.Dist|Linux.Build.0 = Dist Linux|x64
		{FC8A9FF8-686A-1E94-7182-A96ADDE084F5}.Dist|Windows.ActiveCfg = Dist Windows|x64
		{FC8A9FF8-686A-1E94-7182-A96ADDE084F5}.Dist|Windows.Build.0 = Dist Windows|x64
		{FC8A9FF8-686A-1E94-7182-A96ADDE084F5}.Release|Linux.ActiveCfg = Release Linux|x64
		{FC8A9FF8-686A-1E94-7182-A96ADDE084F5}.Release|Linux.Build.0 = Release Linux|x64
		{FC8A9FF8-686A-1E94-7182-A96ADDE084F5}.Release|Windows.ActiveCfg = Release Windows|x64
		{FC8A9FF8-686A-1E94-7182-A96ADDE084F5}.Release|Windows.Build.0 = Release Windows|x64
		{724885F2-5EEA-AFC8-47A5-C31C33E63619}.Debug|Linux.ActiveCfg = Debug Linux|x64
		{724885F2-5EEA-AFC8-47A5-C31C33E63619}.Debug|Linux.Build.0 = Debug Linux|x64
		{724885F2-5EEA-AFC8-47A5-C31C33E63619}.Debug|Windows.ActiveCfg = Debug Windows|x64
		{724885F2-5EEA-AFC8-47A5-C31C33E63619}.Debug|Windows.Build.0 = Debug Windows|x64
		{724885F2-5EEA-AFC8-47A5-C31C33E63619}.Dist|Linux.ActiveCfg = Dist Linux|x64
		{724885F2-5EEA-AFC8-47A5-C31C33E63619}.Dist|Linux.Build.0 = Dist Linux|x64
		{724885F2-5EEA-AFC8-47A5-C31C33E63619}.Dist|Windows.ActiveCfg = Dist Windows|x64
		{724885F2-5EEA-AFC8-47A5-C31C33E63619}.Dist|Windows.Build.0 = Dist Windows|x64
		{724885F2-5EEA-AFC8-47A5-C31C33E63619}.Release|Linux.ActiveCfg = Release Linux|x64
		{724885F2-5EEA-AFC8-47A5-C31C33E63619}.Release|Linux.Build.0 = Release Linux|x64
		{724885F2-5EEA-AFC8-47A5-C31C33E63619}.Release|Windows.ActiveCfg = Release Windows|x64
		{724885F2-5EEA-AFC8-47A5-C31C33E63619}.Release|Windows.Build.0 = Release Windows|x64
		{9563977C-819A-980D-2A87-7E10169D140F}.Debug|Linux.ActiveCfg = Debug Linux|x64
		{9563977C-819A-980D-2A87-7E10169D140F}.Debug|Linux.Build.0 = Debug Linux|x64
		{9563977C-819A-980D-2A87-7E10169D140F}.Debug|Windows.ActiveCfg = Debug Windows|x64
		{9563977C-819A-980D-2A87-7E10169D140F}.Debug|Windows.Build.0 = Debug Windows|x64
		{9563977C-819A-980D-2A87-7E10169D140F}.Dist|Linux.ActiveCfg = Dist Linux|x64
		{9563977C-819A-980D-2A87-7E10169D140F}.Dist|Linux.Build.0 = Dist Linux|x64
		{9563977C-819A-980D-2A87-7E10169D140F}.Dist|Windows.ActiveCfg = Dist Windows|x64
		{9563977C-819A-980D-2A87-7E10169D140F}.Dist|Windows.Build.0 = Dist Windows|x64
		{9563977C-819A-980D-2A87-7E10169D140F}.Release|Linux.ActiveCfg = Release Linux|x64
		{9563977C-819A-980D-2A87-7E10169D140F}.Release|Linux.Build.0 = Release Linux|x64
		{9563977C-819A-980D-2A87-7E10169D140F}.Release|Windows.ActiveCfg = Release Windows|x64
		{9563977C-819A-980D-2A87-7E10169D140F}.Release|Windows.Build.0 = Release Windows|x64
		{0098A80F-6CAC-D0C0-352E-7420A101CDF1}.Debug|Linux.ActiveCfg = Debug Linux|x64
		{0098A80F-6CAC-D0C0-352E-7420A101CDF1}.Debug|Linux.Build.0 = Debug Linux|x64
		{0098A80F-6CAC-D0C0-352E-7420A101CDF1}.Debug|Windows.ActiveCfg = Debug Windows|x64
		{0098A80F-6CAC-D0C0-352E-7420A101CDF1}.Debug|Windows.Build.0 = Debug Windows|x64
		{0098A80F-6CAC-D0C0-352E-7420A101CDF1}.Dist|Linux.ActiveCfg = Dist Linux|x64
		{0098A80F-6CAC-D0C0-352E-7420A101CDF1}.Dist|Linux.Build.0 = Dist Linux|x64
		{0098A80F-6CAC-D0C0-352E-7420A101CDF1}.Dist|Windows.ActiveCfg = Dist Windows|x64
		{0098A80F-6CAC-D0C0-352E-7420A101CDF1}.Dist|Windows.Build.0 = Dist Windows|x64
		{0098A80F-6CAC-D0C0-352E-7420A101CDF1}.Release|Linux.ActiveCfg = Release Linux|x64
		{0098A80F-6CAC-D0C0-352E-7420A101CDF1}.Release|Linux.Build.0 = Release Linux|x64
		{0098A80F-6CAC-D0C0-352E-7420A101CDF1}.Release|Windows.ActiveCfg = Release Windows|x64
		{0098A80F-6CAC-D0C0-352E-7420A101CDF1}.Release|Windows.Build.0 = Release Windows|x64
		{38BD587B-248B-4C81-0D1F-BDA7F98B28E6}.Debug|Linux.ActiveCfg = Debug Linux|x64
		{38BD587B-248B-4C81-0D1F-BDA7F98B28E6}.Debug|Linux.Build.0 = Debug Linux|x64
		{38BD587B-248B-4C81-0D1F-BDA7F98B28E6}.Debug|Windows.ActiveCfg = Debug Windows|x64
		{38BD587B-248B-4C81-0D1F-BDA7F98B28E6}.Debug|Windows.Build.0 = Debug Windows|x64
		{38BD587B-248B-4C81-0D1F-BDA7F98B28E6}.Dist|Linux.ActiveCfg = Dist Linux|x64
		{38BD587B-248B-4C81-0D1F-BDA7F98B28E6}.Dist|Linux.Build.0 = Dist Linux|x64
		{38BD587B-248B-4C81-0D1F-BDA7F98B28E6}.Dist|Windows.ActiveCfg = Dist Windows|x64
		{38BD587B-248B-4C81-0D1F-BDA7F98B28E6}.Dist|Windows.Build.0 = Dist Windows|x64
		{38BD587B-248B-4C81-0D1F-BDA7F98B28E6}.Release|Linux.ActiveCfg = Release Linux|x64
		{38BD587B-248B-4C81-0D1F-BDA7F98B28E6}.Release|Linux.Build.0 = Release Linux|x64
		{38BD587B-248B-4C81-0D1F-BDA7F98B28E6}.Release|Windows.ActiveCfg = Release Windows|x64
		{38BD587B-248B-4C81-0D1F-BDA7F98B28E6}.Release|Windows.Build.0 = Release Windows|x64
		{8900D8DD-F5DF-5679-FEF7-E14F6A56BDDA}.Debug|Linux.ActiveCfg = Debug Linux|x64
		{8900D8DD-F5DF-5679-FEF7-E14F6A56BDDA}.Debug|Linux.Build.0 = Debug Linux|x64
		{8900D8DD-F5DF-5679-FEF7-E14F6A56BDDA}.Debug|Windows.ActiveCfg = Debug Windows|x64
		{8900D8DD-F5DF-5679-FEF7-E14F6A56BDDA}.Debug|Windows.Build.0 = Debug Windows|x64
		{8900D8DD-F5DF-5679-FEF7-E14F6A56BDDA}.Dist|Linux.ActiveCfg = Dist Linux|x64
		{8900D8DD-F5DF-5679-FEF7-E14F6A56BDDA}.Dist|Linux.Build.0 = Dist Linux|x64
		{8900D8DD-F5DF-5679-FEF7-E14F6A56BDDA}.Dist|Windows.ActiveCfg = Dist Windows|x64
		{8900D8DD-F5DF-5679-FEF7-E14F6A56BDDA}.Dist|Windows.Build.0 = Dist Windows|x64
		{8900D8DD-F5DF-5679-FEF7-E14F6A56BDDA}.Release|Linux.ActiveCfg = Release Linux|x64
		{8900D8DD-F5DF-5679-FEF7-E14F6A56BDDA}.Release|Linux.Build.0 = Release Linux|x64
		{8900D8DD-F5DF-5679-FEF7-E14F6A56BDDA}.Release|Windows.ActiveCfg = Release Windows|x64
		{8900D8DD-F5DF-5679-FEF7-E14F6A56BDDA}.Release|Windows.Build.0 = Release Windows|x64
		{0DB918E9-7944-86AD-8255-09A2EE5FE2AD}.Debug|Linux.ActiveCfg = Debug Linux|x64
		{0DB918E9-7944-86AD-8255-09A2EE5FE2AD}.Debug|Linux.Build.0 = Debug Linux|x64
		{0DB918E9-7944-86AD-8255-09A2EE5FE2AD}.Debug|Windows.ActiveCfg = Debug Windows|x64
		{0DB918E9-7944-86AD-8255-09A2EE5FE2AD}.Debug|Windows.Build.0 = Debug Windows|x64
		{0DB918E9-7944-86AD-8255-09A2EE5FE2AD}.Dist|Linux.ActiveCfg = Dist Linux|x64
		{0DB918E9-7944-86AD-8255-09A2EE5FE2AD}.Dist|Linux.Build.0 = Dist Linux|x64
		{0DB918E9-7944-86AD-8255-09A2EE5FE2AD}.Dist|Windows.ActiveCfg = Dist Windows|x64
		{0DB918E9-7944-86AD-8255-09A2EE5FE2AD}.Dist|Windows.Build.0 = Dist Windows|x64
		{0DB918E9-7944-86AD-8255-09A2EE5FE2AD}.Release|Linux.ActiveCfg = Release Linux|x64
		{0DB918E9-7944-86AD-8255-09A2EE5FE2AD}.Release|Linux.Build.0 = Release Linux|x64
		{0DB918E9-7944-86AD-8255-09A2EE5FE2AD}.Release|Windows.ActiveCfg = Release Windows|x64
		{0DB918E9-7944-86AD-8255-09A2EE5FE2AD}.Release|Windows.Build.0 = Release Windows|x64
		{8EAD431C-7A4F-6EF2-630A-82464F4BF542}.Debug|Linux.ActiveCfg = Debug Linux|x64
		{8EAD431C-7A4F-6EF2-630A-82464F4BF542}.Debug|Linux.Build.0 = Debug Linux|x64
		{8EAD431C-7A4F-6EF2-630A-82464F4BF542}.Debug|Windows.ActiveCfg = Debug Windows|x64
		{8EAD431C-7A4F-6EF2-630A-82464F4BF542}.Debug|Windows.Build.0 = Debug Windows|x64
		{8EAD431C-7A4F-6EF2-630A-82464F4BF542}.Dist|Linux.ActiveCfg = Dist Linux|x64
		{8EAD431C-7A4F-6EF2-630A-82464F4BF542}.Dist|Linux.Build.0 = Dist Linux|x64
		{8EAD431C-7A4F-6EF2-630A-82464F4BF542}.Dist|Windows.ActiveCfg = Dist Windows|x64
		{8EAD431C-7A4F-6EF2-630A-82464F4BF542}.Dist|Windows.Build.0 = Dist Windows|x64
		{8EAD431C-7A4F-6EF2-630A-82464F4BF542}.Release|Linux.ActiveCfg = Release Linux|x64
		{8EAD431C-7A4F-6EF2-630A-82464F4BF542}.Release|Linux.Build.0 = Release Linux|x64
		{8EAD431C-7A4F-6EF2-630A-82464F4BF542}.Release|Windows.ActiveCfg = Release Windows|x64
		{8EAD431C-7A4F-6EF2-630A-82464F4BF542}.Release|Windows.Build.0 = Release Windows|x64
	EndGlobalSection
	GlobalSection(SolutionProperties) = preSolution
		HideSolutionNode = FALSE
	EndGlobalSection
EndGlobal
